
Microsoft Visual Studio Solution File, Format Version 12.00
# Visual Studio Version 16
VisualStudioVersion = 16.0.29509.3
MinimumVisualStudioVersion = 10.0.40219.1
Project("{FAE04EC0-301F-11D3-BF4B-00C04F79EFBC}") = "PokemonWPF", "PokemonWPF\PokemonWPF.csproj", "{98C9A811-E456-47BC-986D-04E38E964BD9}"
	ProjectSection(ProjectDependencies) = postProject
		{EAC0FDD9-C646-4C0A-A15F-64A8D869DFD0} = {EAC0FDD9-C646-4C0A-A15F-64A8D869DFD0}
	EndProjectSection
EndProject
Project("{FAE04EC0-301F-11D3-BF4B-00C04F79EFBC}") = "PokemonLibrary", "PokemonLibrary\PokemonLibrary.csproj", "{EAC0FDD9-C646-4C0A-A15F-64A8D869DFD0}"
EndProject
Global
	GlobalSection(SolutionConfigurationPlatforms) = preSolution
		Debug|Any CPU = Debug|Any CPU
		Debug|x64 = Debug|x64
		Debug35|Any CPU = Debug35|Any CPU
		Debug35|x64 = Debug35|x64
		Debug40|Any CPU = Debug40|Any CPU
		Debug40|x64 = Debug40|x64
		Debug45|Any CPU = Debug45|Any CPU
		Debug45|x64 = Debug45|x64
		Debug451|Any CPU = Debug451|Any CPU
		Debug451|x64 = Debug451|x64
		Debug452|Any CPU = Debug452|Any CPU
		Debug452|x64 = Debug452|x64
		Debug46|Any CPU = Debug46|Any CPU
		Debug46|x64 = Debug46|x64
		Release|Any CPU = Release|Any CPU
		Release|x64 = Release|x64
		Release35|Any CPU = Release35|Any CPU
		Release35|x64 = Release35|x64
		Release40|Any CPU = Release40|Any CPU
		Release40|x64 = Release40|x64
		Release45|Any CPU = Release45|Any CPU
		Release45|x64 = Release45|x64
		Release451|Any CPU = Release451|Any CPU
		Release451|x64 = Release451|x64
		Release452|Any CPU = Release452|Any CPU
		Release452|x64 = Release452|x64
		Release46|Any CPU = Release46|Any CPU
		Release46|x64 = Release46|x64
	EndGlobalSection
	GlobalSection(ProjectConfigurationPlatforms) = postSolution
		{98C9A811-E456-47BC-986D-04E38E964BD9}.Debug|Any CPU.ActiveCfg = Debug|Any CPU
		{98C9A811-E456-47BC-986D-04E38E964BD9}.Debug|Any CPU.Build.0 = Debug|Any CPU
		{98C9A811-E456-47BC-986D-04E38E964BD9}.Debug|x64.ActiveCfg = Debug|x64
		{98C9A811-E456-47BC-986D-04E38E964BD9}.Debug|x64.Build.0 = Debug|x64
		{98C9A811-E456-47BC-986D-04E38E964BD9}.Debug35|Any CPU.ActiveCfg = Debug|Any CPU
		{98C9A811-E456-47BC-986D-04E38E964BD9}.Debug35|Any CPU.Build.0 = Debug|Any CPU
		{98C9A811-E456-47BC-986D-04E38E964BD9}.Debug35|x64.ActiveCfg = Debug|x64
		{98C9A811-E456-47BC-986D-04E38E964BD9}.Debug35|x64.Build.0 = Debug|x64
		{98C9A811-E456-47BC-986D-04E38E964BD9}.Debug40|Any CPU.ActiveCfg = Debug|Any CPU
		{98C9A811-E456-47BC-986D-04E38E964BD9}.Debug40|Any CPU.Build.0 = Debug|Any CPU
		{98C9A811-E456-47BC-986D-04E38E964BD9}.Debug40|x64.ActiveCfg = Debug|x64
		{98C9A811-E456-47BC-986D-04E38E964BD9}.Debug40|x64.Build.0 = Debug|x64
		{98C9A811-E456-47BC-986D-04E38E964BD9}.Debug45|Any CPU.ActiveCfg = Debug|Any CPU
		{98C9A811-E456-47BC-986D-04E38E964BD9}.Debug45|Any CPU.Build.0 = Debug|Any CPU
		{98C9A811-E456-47BC-986D-04E38E964BD9}.Debug45|x64.ActiveCfg = Debug|x64
		{98C9A811-E456-47BC-986D-04E38E964BD9}.Debug45|x64.Build.0 = Debug|x64
		{98C9A811-E456-47BC-986D-04E38E964BD9}.Debug451|Any CPU.ActiveCfg = Debug|Any CPU
		{98C9A811-E456-47BC-986D-04E38E964BD9}.Debug451|Any CPU.Build.0 = Debug|Any CPU
		{98C9A811-E456-47BC-986D-04E38E964BD9}.Debug451|x64.ActiveCfg = Debug|x64
		{98C9A811-E456-47BC-986D-04E38E964BD9}.Debug451|x64.Build.0 = Debug|x64
		{98C9A811-E456-47BC-986D-04E38E964BD9}.Debug452|Any CPU.ActiveCfg = Debug|Any CPU
		{98C9A811-E456-47BC-986D-04E38E964BD9}.Debug452|Any CPU.Build.0 = Debug|Any CPU
		{98C9A811-E456-47BC-986D-04E38E964BD9}.Debug452|x64.ActiveCfg = Debug|x64
		{98C9A811-E456-47BC-986D-04E38E964BD9}.Debug452|x64.Build.0 = Debug|x64
		{98C9A811-E456-47BC-986D-04E38E964BD9}.Debug46|Any CPU.ActiveCfg = Debug|Any CPU
		{98C9A811-E456-47BC-986D-04E38E964BD9}.Debug46|Any CPU.Build.0 = Debug|Any CPU
		{98C9A811-E456-47BC-986D-04E38E964BD9}.Debug46|x64.ActiveCfg = Debug|x64
		{98C9A811-E456-47BC-986D-04E38E964BD9}.Debug46|x64.Build.0 = Debug|x64
		{98C9A811-E456-47BC-986D-04E38E964BD9}.Release|Any CPU.ActiveCfg = Release|Any CPU
		{98C9A811-E456-47BC-986D-04E38E964BD9}.Release|Any CPU.Build.0 = Release|Any CPU
		{98C9A811-E456-47BC-986D-04E38E964BD9}.Release|x64.ActiveCfg = Release|x64
		{98C9A811-E456-47BC-986D-04E38E964BD9}.Release|x64.Build.0 = Release|x64
		{98C9A811-E456-47BC-986D-04E38E964BD9}.Release35|Any CPU.ActiveCfg = Release|Any CPU
		{98C9A811-E456-47BC-986D-04E38E964BD9}.Release35|Any CPU.Build.0 = Release|Any CPU
		{98C9A811-E456-47BC-986D-04E38E964BD9}.Release35|x64.ActiveCfg = Release|x64
		{98C9A811-E456-47BC-986D-04E38E964BD9}.Release35|x64.Build.0 = Release|x64
		{98C9A811-E456-47BC-986D-04E38E964BD9}.Release40|Any CPU.ActiveCfg = Release|Any CPU
		{98C9A811-E456-47BC-986D-04E38E964BD9}.Release40|Any CPU.Build.0 = Release|Any CPU
		{98C9A811-E456-47BC-986D-04E38E964BD9}.Release40|x64.ActiveCfg = Release|x64
		{98C9A811-E456-47BC-986D-04E38E964BD9}.Release40|x64.Build.0 = Release|x64
		{98C9A811-E456-47BC-986D-04E38E964BD9}.Release45|Any CPU.ActiveCfg = Release|Any CPU
		{98C9A811-E456-47BC-986D-04E38E964BD9}.Release45|Any CPU.Build.0 = Release|Any CPU
		{98C9A811-E456-47BC-986D-04E38E964BD9}.Release45|x64.ActiveCfg = Release|x64
		{98C9A811-E456-47BC-986D-04E38E964BD9}.Release45|x64.Build.0 = Release|x64
		{98C9A811-E456-47BC-986D-04E38E964BD9}.Release451|Any CPU.ActiveCfg = Release|Any CPU
		{98C9A811-E456-47BC-986D-04E38E964BD9}.Release451|Any CPU.Build.0 = Release|Any CPU
		{98C9A811-E456-47BC-986D-04E38E964BD9}.Release451|x64.ActiveCfg = Release|x64
		{98C9A811-E456-47BC-986D-04E38E964BD9}.Release451|x64.Build.0 = Release|x64
		{98C9A811-E456-47BC-986D-04E38E964BD9}.Release452|Any CPU.ActiveCfg = Release|Any CPU
		{98C9A811-E456-47BC-986D-04E38E964BD9}.Release452|Any CPU.Build.0 = Release|Any CPU
		{98C9A811-E456-47BC-986D-04E38E964BD9}.Release452|x64.ActiveCfg = Release|x64
		{98C9A811-E456-47BC-986D-04E38E964BD9}.Release452|x64.Build.0 = Release|x64
		{98C9A811-E456-47BC-986D-04E38E964BD9}.Release46|Any CPU.ActiveCfg = Release|Any CPU
		{98C9A811-E456-47BC-986D-04E38E964BD9}.Release46|Any CPU.Build.0 = Release|Any CPU
		{98C9A811-E456-47BC-986D-04E38E964BD9}.Release46|x64.ActiveCfg = Release|x64
		{98C9A811-E456-47BC-986D-04E38E964BD9}.Release46|x64.Build.0 = Release|x64
		{EAC0FDD9-C646-4C0A-A15F-64A8D869DFD0}.Debug|Any CPU.ActiveCfg = Debug|Any CPU
		{EAC0FDD9-C646-4C0A-A15F-64A8D869DFD0}.Debug|Any CPU.Build.0 = Debug|Any CPU
		{EAC0FDD9-C646-4C0A-A15F-64A8D869DFD0}.Debug|x64.ActiveCfg = Debug|x64
		{EAC0FDD9-C646-4C0A-A15F-64A8D869DFD0}.Debug|x64.Build.0 = Debug|x64
		{EAC0FDD9-C646-4C0A-A15F-64A8D869DFD0}.Debug35|Any CPU.ActiveCfg = Debug|Any CPU
		{EAC0FDD9-C646-4C0A-A15F-64A8D869DFD0}.Debug35|Any CPU.Build.0 = Debug|Any CPU
		{EAC0FDD9-C646-4C0A-A15F-64A8D869DFD0}.Debug35|x64.ActiveCfg = Debug|x64
		{EAC0FDD9-C646-4C0A-A15F-64A8D869DFD0}.Debug35|x64.Build.0 = Debug|x64
		{EAC0FDD9-C646-4C0A-A15F-64A8D869DFD0}.Debug40|Any CPU.ActiveCfg = Debug|Any CPU
		{EAC0FDD9-C646-4C0A-A15F-64A8D869DFD0}.Debug40|Any CPU.Build.0 = Debug|Any CPU
		{EAC0FDD9-C646-4C0A-A15F-64A8D869DFD0}.Debug40|x64.ActiveCfg = Debug|x64
		{EAC0FDD9-C646-4C0A-A15F-64A8D869DFD0}.Debug40|x64.Build.0 = Debug|x64
		{EAC0FDD9-C646-4C0A-A15F-64A8D869DFD0}.Debug45|Any CPU.ActiveCfg = Debug|Any CPU
		{EAC0FDD9-C646-4C0A-A15F-64A8D869DFD0}.Debug45|Any CPU.Build.0 = Debug|Any CPU
		{EAC0FDD9-C646-4C0A-A15F-64A8D869DFD0}.Debug45|x64.ActiveCfg = Debug|x64
		{EAC0FDD9-C646-4C0A-A15F-64A8D869DFD0}.Debug45|x64.Build.0 = Debug|x64
		{EAC0FDD9-C646-4C0A-A15F-64A8D869DFD0}.Debug451|Any CPU.ActiveCfg = Debug|Any CPU
		{EAC0FDD9-C646-4C0A-A15F-64A8D869DFD0}.Debug451|Any CPU.Build.0 = Debug|Any CPU
		{EAC0FDD9-C646-4C0A-A15F-64A8D869DFD0}.Debug451|x64.ActiveCfg = Debug|x64
		{EAC0FDD9-C646-4C0A-A15F-64A8D869DFD0}.Debug451|x64.Build.0 = Debug|x64
		{EAC0FDD9-C646-4C0A-A15F-64A8D869DFD0}.Debug452|Any CPU.ActiveCfg = Debug|Any CPU
		{EAC0FDD9-C646-4C0A-A15F-64A8D869DFD0}.Debug452|Any CPU.Build.0 = Debug|Any CPU
		{EAC0FDD9-C646-4C0A-A15F-64A8D869DFD0}.Debug452|x64.ActiveCfg = Debug|x64
		{EAC0FDD9-C646-4C0A-A15F-64A8D869DFD0}.Debug452|x64.Build.0 = Debug|x64
		{EAC0FDD9-C646-4C0A-A15F-64A8D869DFD0}.Debug46|Any CPU.ActiveCfg = Debug|Any CPU
		{EAC0FDD9-C646-4C0A-A15F-64A8D869DFD0}.Debug46|Any CPU.Build.0 = Debug|Any CPU
		{EAC0FDD9-C646-4C0A-A15F-64A8D869DFD0}.Debug46|x64.ActiveCfg = Debug|x64
		{EAC0FDD9-C646-4C0A-A15F-64A8D869DFD0}.Debug46|x64.Build.0 = Debug|x64
		{EAC0FDD9-C646-4C0A-A15F-64A8D869DFD0}.Release|Any CPU.ActiveCfg = Release|Any CPU
		{EAC0FDD9-C646-4C0A-A15F-64A8D869DFD0}.Release|Any CPU.Build.0 = Release|Any CPU
		{EAC0FDD9-C646-4C0A-A15F-64A8D869DFD0}.Release|x64.ActiveCfg = Release|x64
		{EAC0FDD9-C646-4C0A-A15F-64A8D869DFD0}.Release|x64.Build.0 = Release|x64
		{EAC0FDD9-C646-4C0A-A15F-64A8D869DFD0}.Release35|Any CPU.ActiveCfg = Release|Any CPU
		{EAC0FDD9-C646-4C0A-A15F-64A8D869DFD0}.Release35|Any CPU.Build.0 = Release|Any CPU
		{EAC0FDD9-C646-4C0A-A15F-64A8D869DFD0}.Release35|x64.ActiveCfg = Release|x64
		{EAC0FDD9-C646-4C0A-A15F-64A8D869DFD0}.Release35|x64.Build.0 = Release|x64
		{EAC0FDD9-C646-4C0A-A15F-64A8D869DFD0}.Release40|Any CPU.ActiveCfg = Release|Any CPU
		{EAC0FDD9-C646-4C0A-A15F-64A8D869DFD0}.Release40|Any CPU.Build.0 = Release|Any CPU
		{EAC0FDD9-C646-4C0A-A15F-64A8D869DFD0}.Release40|x64.ActiveCfg = Release|x64
		{EAC0FDD9-C646-4C0A-A15F-64A8D869DFD0}.Release40|x64.Build.0 = Release|x64
		{EAC0FDD9-C646-4C0A-A15F-64A8D869DFD0}.Release45|Any CPU.ActiveCfg = Release|Any CPU
		{EAC0FDD9-C646-4C0A-A15F-64A8D869DFD0}.Release45|Any CPU.Build.0 = Release|Any CPU
		{EAC0FDD9-C646-4C0A-A15F-64A8D869DFD0}.Release45|x64.ActiveCfg = Release|x64
		{EAC0FDD9-C646-4C0A-A15F-64A8D869DFD0}.Release45|x64.Build.0 = Release|x64
		{EAC0FDD9-C646-4C0A-A15F-64A8D869DFD0}.Release451|Any CPU.ActiveCfg = Release|Any CPU
		{EAC0FDD9-C646-4C0A-A15F-64A8D869DFD0}.Release451|Any CPU.Build.0 = Release|Any CPU
		{EAC0FDD9-C646-4C0A-A15F-64A8D869DFD0}.Release451|x64.ActiveCfg = Release|x64
		{EAC0FDD9-C646-4C0A-A15F-64A8D869DFD0}.Release451|x64.Build.0 = Release|x64
		{EAC0FDD9-C646-4C0A-A15F-64A8D869DFD0}.Release452|Any CPU.ActiveCfg = Release|Any CPU
		{EAC0FDD9-C646-4C0A-A15F-64A8D869DFD0}.Release452|Any CPU.Build.0 = Release|Any CPU
		{EAC0FDD9-C646-4C0A-A15F-64A8D869DFD0}.Release452|x64.ActiveCfg = Release|x64
		{EAC0FDD9-C646-4C0A-A15F-64A8D869DFD0}.Release452|x64.Build.0 = Release|x64
		{EAC0FDD9-C646-4C0A-A15F-64A8D869DFD0}.Release46|Any CPU.ActiveCfg = Release|Any CPU
		{EAC0FDD9-C646-4C0A-A15F-64A8D869DFD0}.Release46|Any CPU.Build.0 = Release|Any CPU
		{EAC0FDD9-C646-4C0A-A15F-64A8D869DFD0}.Release46|x64.ActiveCfg = Release|x64
		{EAC0FDD9-C646-4C0A-A15F-64A8D869DFD0}.Release46|x64.Build.0 = Release|x64
	EndGlobalSection
	GlobalSection(SolutionProperties) = preSolution
		HideSolutionNode = FALSE
	EndGlobalSection
	GlobalSection(ExtensibilityGlobals) = postSolution
		SolutionGuid = {6989DC71-CEA2-43D0-BA29-78E2E296A928}
	EndGlobalSection
EndGlobal
